
Microsoft Visual Studio Solution File, Format Version 12.00
# Visual Studio 15
VisualStudioVersion = 15.0.28307.329
MinimumVisualStudioVersion = 10.0.40219.1
Project("{D954291E-2A0B-460D-934E-DC6B0785DB48}") = "PasswordManager", "PasswordManager\PasswordManager.shproj", "{D84ECEC5-BB62-453F-A2B6-23FC16B987A7}"
EndProject
Project("{FAE04EC0-301F-11D3-BF4B-00C04F79EFBC}") = "PasswordManager.Windows", "PasswordManager.Windows\PasswordManager.Windows.csproj", "{3E257E35-897E-49C0-B6B4-F3D3B95827D7}"
EndProject
Global
	GlobalSection(SharedMSBuildProjectFiles) = preSolution
		PasswordManager\PasswordManager.projitems*{3e257e35-897e-49c0-b6b4-f3d3b95827d7}*SharedItemsImports = 4
		PasswordManager\PasswordManager.projitems*{d84ecec5-bb62-453f-a2b6-23fc16b987a7}*SharedItemsImports = 13
	EndGlobalSection
	GlobalSection(SolutionConfigurationPlatforms) = preSolution
		Debug|Any CPU = Debug|Any CPU
		Release|Any CPU = Release|Any CPU
	EndGlobalSection
	GlobalSection(ProjectConfigurationPlatforms) = postSolution
		{3E257E35-897E-49C0-B6B4-F3D3B95827D7}.Debug|Any CPU.ActiveCfg = Debug|Any CPU
		{3E257E35-897E-49C0-B6B4-F3D3B95827D7}.Debug|Any CPU.Build.0 = Debug|Any CPU
		{3E257E35-897E-49C0-B6B4-F3D3B95827D7}.Release|Any CPU.ActiveCfg = Release|Any CPU
		{3E257E35-897E-49C0-B6B4-F3D3B95827D7}.Release|Any CPU.Build.0 = Release|Any CPU
	EndGlobalSection
	GlobalSection(SolutionProperties) = preSolution
		HideSolutionNode = FALSE
	EndGlobalSection
	GlobalSection(ExtensibilityGlobals) = postSolution
		SolutionGuid = {9FED6166-E913-48D8-93B1-3547387B968F}
	EndGlobalSection
EndGlobal
